// !$*UTF8*$!
{
	archiveVersion = 1;
	classes = {
	};
	objectVersion = 77;
	objects = {

/* Begin PBXBuildFile section */
		BBB796D12CD8100C00719780 /* FirebaseAuth in Frameworks */ = {isa = PBXBuildFile; productRef = BBB796D02CD8100C00719780 /* FirebaseAuth */; };
		BBB796D32CD8100C00719780 /* FirebaseStorage in Frameworks */ = {isa = PBXBuildFile; productRef = BBB796D22CD8100C00719780 /* FirebaseStorage */; };
		BBB796D92CD8133000719780 /* FirebaseFirestore in Frameworks */ = {isa = PBXBuildFile; productRef = BBB796D82CD8133000719780 /* FirebaseFirestore */; };
/* End PBXBuildFile section */

/* Begin PBXContainerItemProxy section */
		BBB796B12CD7F62100719780 /* PBXContainerItemProxy */ = {
			isa = PBXContainerItemProxy;
			containerPortal = BBB796982CD7F61F00719780 /* Project object */;
			proxyType = 1;
			remoteGlobalIDString = BBB7969F2CD7F61F00719780;
			remoteInfo = "ios-test-app";
		};
		BBB796BB2CD7F62100719780 /* PBXContainerItemProxy */ = {
			isa = PBXContainerItemProxy;
			containerPortal = BBB796982CD7F61F00719780 /* Project object */;
			proxyType = 1;
			remoteGlobalIDString = BBB7969F2CD7F61F00719780;
			remoteInfo = "ios-test-app";
		};
/* End PBXContainerItemProxy section */

/* Begin PBXFileReference section */
		BBB796A02CD7F61F00719780 /* ios-test-app.app */ = {isa = PBXFileReference; explicitFileType = wrapper.application; includeInIndex = 0; path = "ios-test-app.app"; sourceTree = BUILT_PRODUCTS_DIR; };
		BBB796B02CD7F62100719780 /* ios-test-appTests.xctest */ = {isa = PBXFileReference; explicitFileType = wrapper.cfbundle; includeInIndex = 0; path = "ios-test-appTests.xctest"; sourceTree = BUILT_PRODUCTS_DIR; };
		BBB796BA2CD7F62100719780 /* ios-test-appUITests.xctest */ = {isa = PBXFileReference; explicitFileType = wrapper.cfbundle; includeInIndex = 0; path = "ios-test-appUITests.xctest"; sourceTree = BUILT_PRODUCTS_DIR; };
/* End PBXFileReference section */

/* Begin PBXFileSystemSynchronizedBuildFileExceptionSet section */
		BBB796CE2CD800A200719780 /* Exceptions for "ios-test-app" folder in "ios-test-app" target */ = {
			isa = PBXFileSystemSynchronizedBuildFileExceptionSet;
			membershipExceptions = (
				Info.plist,
			);
			target = BBB7969F2CD7F61F00719780 /* ios-test-app */;
		};
/* End PBXFileSystemSynchronizedBuildFileExceptionSet section */

/* Begin PBXFileSystemSynchronizedRootGroup section */
		BBB796A22CD7F61F00719780 /* ios-test-app */ = {
			isa = PBXFileSystemSynchronizedRootGroup;
			exceptions = (
				BBB796CE2CD800A200719780 /* Exceptions for "ios-test-app" folder in "ios-test-app" target */,
			);
			path = "ios-test-app";
			sourceTree = "<group>";
		};
		BBB796B32CD7F62100719780 /* ios-test-appTests */ = {
			isa = PBXFileSystemSynchronizedRootGroup;
			path = "ios-test-appTests";
			sourceTree = "<group>";
		};
		BBB796BD2CD7F62100719780 /* ios-test-appUITests */ = {
			isa = PBXFileSystemSynchronizedRootGroup;
			path = "ios-test-appUITests";
			sourceTree = "<group>";
		};
/* End PBXFileSystemSynchronizedRootGroup section */

/* Begin PBXFrameworksBuildPhase section */
		BBB7969D2CD7F61F00719780 /* Frameworks */ = {
			isa = PBXFrameworksBuildPhase;
			buildActionMask = 2147483647;
			files = (
				BBB796D12CD8100C00719780 /* FirebaseAuth in Frameworks */,
				BBB796D32CD8100C00719780 /* FirebaseStorage in Frameworks */,
				BBB796D92CD8133000719780 /* FirebaseFirestore in Frameworks */,
			);
			runOnlyForDeploymentPostprocessing = 0;
		};
		BBB796AD2CD7F62100719780 /* Frameworks */ = {
			isa = PBXFrameworksBuildPhase;
			buildActionMask = 2147483647;
			files = (
			);
			runOnlyForDeploymentPostprocessing = 0;
		};
		BBB796B72CD7F62100719780 /* Frameworks */ = {
			isa = PBXFrameworksBuildPhase;
			buildActionMask = 2147483647;
			files = (
			);
			runOnlyForDeploymentPostprocessing = 0;
		};
/* End PBXFrameworksBuildPhase section */

/* Begin PBXGroup section */
		BBB796972CD7F61F00719780 = {
			isa = PBXGroup;
			children = (
				BBB796A22CD7F61F00719780 /* ios-test-app */,
				BBB796B32CD7F62100719780 /* ios-test-appTests */,
				BBB796BD2CD7F62100719780 /* ios-test-appUITests */,
				BBB796A12CD7F61F00719780 /* Products */,
			);
			sourceTree = "<group>";
		};
		BBB796A12CD7F61F00719780 /* Products */ = {
			isa = PBXGroup;
			children = (
				BBB796A02CD7F61F00719780 /* ios-test-app.app */,
				BBB796B02CD7F62100719780 /* ios-test-appTests.xctest */,
				BBB796BA2CD7F62100719780 /* ios-test-appUITests.xctest */,
			);
			name = Products;
			sourceTree = "<group>";
		};
/* End PBXGroup section */

/* Begin PBXNativeTarget section */
		BBB7969F2CD7F61F00719780 /* ios-test-app */ = {
			isa = PBXNativeTarget;
			buildConfigurationList = BBB796C42CD7F62100719780 /* Build configuration list for PBXNativeTarget "ios-test-app" */;
			buildPhases = (
				BBB7969C2CD7F61F00719780 /* Sources */,
				BBB7969D2CD7F61F00719780 /* Frameworks */,
				BBB7969E2CD7F61F00719780 /* Resources */,
			);
			buildRules = (
			);
			dependencies = (
			);
			fileSystemSynchronizedGroups = (
				BBB796A22CD7F61F00719780 /* ios-test-app */,
			);
			name = "ios-test-app";
			packageProductDependencies = (
				BBB796D02CD8100C00719780 /* FirebaseAuth */,
				BBB796D22CD8100C00719780 /* FirebaseStorage */,
				BBB796D82CD8133000719780 /* FirebaseFirestore */,
			);
			productName = "ios-test-app";
			productReference = BBB796A02CD7F61F00719780 /* ios-test-app.app */;
			productType = "com.apple.product-type.application";
		};
		BBB796AF2CD7F62100719780 /* ios-test-appTests */ = {
			isa = PBXNativeTarget;
			buildConfigurationList = BBB796C72CD7F62100719780 /* Build configuration list for PBXNativeTarget "ios-test-appTests" */;
			buildPhases = (
				BBB796AC2CD7F62100719780 /* Sources */,
				BBB796AD2CD7F62100719780 /* Frameworks */,
				BBB796AE2CD7F62100719780 /* Resources */,
			);
			buildRules = (
			);
			dependencies = (
				BBB796B22CD7F62100719780 /* PBXTargetDependency */,
			);
			fileSystemSynchronizedGroups = (
				BBB796B32CD7F62100719780 /* ios-test-appTests */,
			);
			name = "ios-test-appTests";
			packageProductDependencies = (
			);
			productName = "ios-test-appTests";
			productReference = BBB796B02CD7F62100719780 /* ios-test-appTests.xctest */;
			productType = "com.apple.product-type.bundle.unit-test";
		};
		BBB796B92CD7F62100719780 /* ios-test-appUITests */ = {
			isa = PBXNativeTarget;
			buildConfigurationList = BBB796CA2CD7F62100719780 /* Build configuration list for PBXNativeTarget "ios-test-appUITests" */;
			buildPhases = (
				BBB796B62CD7F62100719780 /* Sources */,
				BBB796B72CD7F62100719780 /* Frameworks */,
				BBB796B82CD7F62100719780 /* Resources */,
			);
			buildRules = (
			);
			dependencies = (
				BBB796BC2CD7F62100719780 /* PBXTargetDependency */,
			);
			fileSystemSynchronizedGroups = (
				BBB796BD2CD7F62100719780 /* ios-test-appUITests */,
			);
			name = "ios-test-appUITests";
			packageProductDependencies = (
			);
			productName = "ios-test-appUITests";
			productReference = BBB796BA2CD7F62100719780 /* ios-test-appUITests.xctest */;
			productType = "com.apple.product-type.bundle.ui-testing";
		};
/* End PBXNativeTarget section */

/* Begin PBXProject section */
		BBB796982CD7F61F00719780 /* Project object */ = {
			isa = PBXProject;
			attributes = {
				BuildIndependentTargetsInParallel = 1;
				LastSwiftUpdateCheck = 1610;
				LastUpgradeCheck = 1610;
				TargetAttributes = {
					BBB7969F2CD7F61F00719780 = {
						CreatedOnToolsVersion = 16.1;
					};
					BBB796AF2CD7F62100719780 = {
						CreatedOnToolsVersion = 16.1;
						TestTargetID = BBB7969F2CD7F61F00719780;
					};
					BBB796B92CD7F62100719780 = {
						CreatedOnToolsVersion = 16.1;
						TestTargetID = BBB7969F2CD7F61F00719780;
					};
				};
			};
			buildConfigurationList = BBB7969B2CD7F61F00719780 /* Build configuration list for PBXProject "ios-test-app" */;
			developmentRegion = en;
			hasScannedForEncodings = 0;
			knownRegions = (
				en,
				Base,
			);
			mainGroup = BBB796972CD7F61F00719780;
			minimizedProjectReferenceProxies = 1;
			packageReferences = (
				BBB796CF2CD80FD200719780 /* XCRemoteSwiftPackageReference "firebase-ios-sdk" */,
			);
			preferredProjectObjectVersion = 77;
			productRefGroup = BBB796A12CD7F61F00719780 /* Products */;
			projectDirPath = "";
			projectRoot = "";
			targets = (
				BBB7969F2CD7F61F00719780 /* ios-test-app */,
				BBB796AF2CD7F62100719780 /* ios-test-appTests */,
				BBB796B92CD7F62100719780 /* ios-test-appUITests */,
			);
		};
/* End PBXProject section */

/* Begin PBXResourcesBuildPhase section */
		BBB7969E2CD7F61F00719780 /* Resources */ = {
			isa = PBXResourcesBuildPhase;
			buildActionMask = 2147483647;
			files = (
			);
			runOnlyForDeploymentPostprocessing = 0;
		};
		BBB796AE2CD7F62100719780 /* Resources */ = {
			isa = PBXResourcesBuildPhase;
			buildActionMask = 2147483647;
			files = (
			);
			runOnlyForDeploymentPostprocessing = 0;
		};
		BBB796B82CD7F62100719780 /* Resources */ = {
			isa = PBXResourcesBuildPhase;
			buildActionMask = 2147483647;
			files = (
			);
			runOnlyForDeploymentPostprocessing = 0;
		};
/* End PBXResourcesBuildPhase section */

/* Begin PBXSourcesBuildPhase section */
		BBB7969C2CD7F61F00719780 /* Sources */ = {
			isa = PBXSourcesBuildPhase;
			buildActionMask = 2147483647;
			files = (
			);
			runOnlyForDeploymentPostprocessing = 0;
		};
		BBB796AC2CD7F62100719780 /* Sources */ = {
			isa = PBXSourcesBuildPhase;
			buildActionMask = 2147483647;
			files = (
			);
			runOnlyForDeploymentPostprocessing = 0;
		};
		BBB796B62CD7F62100719780 /* Sources */ = {
			isa = PBXSourcesBuildPhase;
			buildActionMask = 2147483647;
			files = (
			);
			runOnlyForDeploymentPostprocessing = 0;
		};
/* End PBXSourcesBuildPhase section */

/* Begin PBXTargetDependency section */
		BBB796B22CD7F62100719780 /* PBXTargetDependency */ = {
			isa = PBXTargetDependency;
			target = BBB7969F2CD7F61F00719780 /* ios-test-app */;
			targetProxy = BBB796B12CD7F62100719780 /* PBXContainerItemProxy */;
		};
		BBB796BC2CD7F62100719780 /* PBXTargetDependency */ = {
			isa = PBXTargetDependency;
			target = BBB7969F2CD7F61F00719780 /* ios-test-app */;
			targetProxy = BBB796BB2CD7F62100719780 /* PBXContainerItemProxy */;
		};
/* End PBXTargetDependency section */

/* Begin XCBuildConfiguration section */
		BBB796C22CD7F62100719780 /* Debug */ = {
			isa = XCBuildConfiguration;
			buildSettings = {
				ALWAYS_SEARCH_USER_PATHS = NO;
				ASSETCATALOG_COMPILER_GENERATE_SWIFT_ASSET_SYMBOL_EXTENSIONS = YES;
				CLANG_ANALYZER_NONNULL = YES;
				CLANG_ANALYZER_NUMBER_OBJECT_CONVERSION = YES_AGGRESSIVE;
				CLANG_CXX_LANGUAGE_STANDARD = "gnu++20";
				CLANG_ENABLE_MODULES = YES;
				CLANG_ENABLE_OBJC_ARC = YES;
				CLANG_ENABLE_OBJC_WEAK = YES;
				CLANG_WARN_BLOCK_CAPTURE_AUTORELEASING = YES;
				CLANG_WARN_BOOL_CONVERSION = YES;
				CLANG_WARN_COMMA = YES;
				CLANG_WARN_CONSTANT_CONVERSION = YES;
				CLANG_WARN_DEPRECATED_OBJC_IMPLEMENTATIONS = YES;
				CLANG_WARN_DIRECT_OBJC_ISA_USAGE = YES_ERROR;
				CLANG_WARN_DOCUMENTATION_COMMENTS = YES;
				CLANG_WARN_EMPTY_BODY = YES;
				CLANG_WARN_ENUM_CONVERSION = YES;
				CLANG_WARN_INFINITE_RECURSION = YES;
				CLANG_WARN_INT_CONVERSION = YES;
				CLANG_WARN_NON_LITERAL_NULL_CONVERSION = YES;
				CLANG_WARN_OBJC_IMPLICIT_RETAIN_SELF = YES;
				CLANG_WARN_OBJC_LITERAL_CONVERSION = YES;
				CLANG_WARN_OBJC_ROOT_CLASS = YES_ERROR;
				CLANG_WARN_QUOTED_INCLUDE_IN_FRAMEWORK_HEADER = YES;
				CLANG_WARN_RANGE_LOOP_ANALYSIS = YES;
				CLANG_WARN_STRICT_PROTOTYPES = YES;
				CLANG_WARN_SUSPICIOUS_MOVE = YES;
				CLANG_WARN_UNGUARDED_AVAILABILITY = YES_AGGRESSIVE;
				CLANG_WARN_UNREACHABLE_CODE = YES;
				CLANG_WARN__DUPLICATE_METHOD_MATCH = YES;
				COPY_PHASE_STRIP = NO;
				DEBUG_INFORMATION_FORMAT = dwarf;
				ENABLE_STRICT_OBJC_MSGSEND = YES;
				ENABLE_TESTABILITY = YES;
				ENABLE_USER_SCRIPT_SANDBOXING = YES;
				GCC_C_LANGUAGE_STANDARD = gnu17;
				GCC_DYNAMIC_NO_PIC = NO;
				GCC_NO_COMMON_BLOCKS = YES;
				GCC_OPTIMIZATION_LEVEL = 0;
				GCC_PREPROCESSOR_DEFINITIONS = (
					"DEBUG=1",
					"$(inherited)",
				);
				GCC_WARN_64_TO_32_BIT_CONVERSION = YES;
				GCC_WARN_ABOUT_RETURN_TYPE = YES_ERROR;
				GCC_WARN_UNDECLARED_SELECTOR = YES;
				GCC_WARN_UNINITIALIZED_AUTOS = YES_AGGRESSIVE;
				GCC_WARN_UNUSED_FUNCTION = YES;
				GCC_WARN_UNUSED_VARIABLE = YES;
				IPHONEOS_DEPLOYMENT_TARGET = 18.1;
				LOCALIZATION_PREFERS_STRING_CATALOGS = YES;
				MTL_ENABLE_DEBUG_INFO = INCLUDE_SOURCE;
				MTL_FAST_MATH = YES;
				ONLY_ACTIVE_ARCH = YES;
				SDKROOT = iphoneos;
				SWIFT_ACTIVE_COMPILATION_CONDITIONS = "DEBUG $(inherited)";
				SWIFT_OPTIMIZATION_LEVEL = "-Onone";
			};
			name = Debug;
		};
		BBB796C32CD7F62100719780 /* Release */ = {
			isa = XCBuildConfiguration;
			buildSettings = {
				ALWAYS_SEARCH_USER_PATHS = NO;
				ASSETCATALOG_COMPILER_GENERATE_SWIFT_ASSET_SYMBOL_EXTENSIONS = YES;
				CLANG_ANALYZER_NONNULL = YES;
				CLANG_ANALYZER_NUMBER_OBJECT_CONVERSION = YES_AGGRESSIVE;
				CLANG_CXX_LANGUAGE_STANDARD = "gnu++20";
				CLANG_ENABLE_MODULES = YES;
				CLANG_ENABLE_OBJC_ARC = YES;
				CLANG_ENABLE_OBJC_WEAK = YES;
				CLANG_WARN_BLOCK_CAPTURE_AUTORELEASING = YES;
				CLANG_WARN_BOOL_CONVERSION = YES;
				CLANG_WARN_COMMA = YES;
				CLANG_WARN_CONSTANT_CONVERSION = YES;
				CLANG_WARN_DEPRECATED_OBJC_IMPLEMENTATIONS = YES;
				CLANG_WARN_DIRECT_OBJC_ISA_USAGE = YES_ERROR;
				CLANG_WARN_DOCUMENTATION_COMMENTS = YES;
				CLANG_WARN_EMPTY_BODY = YES;
				CLANG_WARN_ENUM_CONVERSION = YES;
				CLANG_WARN_INFINITE_RECURSION = YES;
				CLANG_WARN_INT_CONVERSION = YES;
				CLANG_WARN_NON_LITERAL_NULL_CONVERSION = YES;
				CLANG_WARN_OBJC_IMPLICIT_RETAIN_SELF = YES;
				CLANG_WARN_OBJC_LITERAL_CONVERSION = YES;
				CLANG_WARN_OBJC_ROOT_CLASS = YES_ERROR;
				CLANG_WARN_QUOTED_INCLUDE_IN_FRAMEWORK_HEADER = YES;
				CLANG_WARN_RANGE_LOOP_ANALYSIS = YES;
				CLANG_WARN_STRICT_PROTOTYPES = YES;
				CLANG_WARN_SUSPICIOUS_MOVE = YES;
				CLANG_WARN_UNGUARDED_AVAILABILITY = YES_AGGRESSIVE;
				CLANG_WARN_UNREACHABLE_CODE = YES;
				CLANG_WARN__DUPLICATE_METHOD_MATCH = YES;
				COPY_PHASE_STRIP = NO;
				DEBUG_INFORMATION_FORMAT = "dwarf-with-dsym";
				ENABLE_NS_ASSERTIONS = NO;
				ENABLE_STRICT_OBJC_MSGSEND = YES;
				ENABLE_USER_SCRIPT_SANDBOXING = YES;
				GCC_C_LANGUAGE_STANDARD = gnu17;
				GCC_NO_COMMON_BLOCKS = YES;
				GCC_WARN_64_TO_32_BIT_CONVERSION = YES;
				GCC_WARN_ABOUT_RETURN_TYPE = YES_ERROR;
				GCC_WARN_UNDECLARED_SELECTOR = YES;
				GCC_WARN_UNINITIALIZED_AUTOS = YES_AGGRESSIVE;
				GCC_WARN_UNUSED_FUNCTION = YES;
				GCC_WARN_UNUSED_VARIABLE = YES;
				IPHONEOS_DEPLOYMENT_TARGET = 18.1;
				LOCALIZATION_PREFERS_STRING_CATALOGS = YES;
				MTL_ENABLE_DEBUG_INFO = NO;
				MTL_FAST_MATH = YES;
				SDKROOT = iphoneos;
				SWIFT_COMPILATION_MODE = wholemodule;
				VALIDATE_PRODUCT = YES;
			};
			name = Release;
		};
		BBB796C52CD7F62100719780 /* Debug */ = {
			isa = XCBuildConfiguration;
			buildSettings = {
				ASSETCATALOG_COMPILER_APPICON_NAME = AppIcon;
				ASSETCATALOG_COMPILER_GLOBAL_ACCENT_COLOR_NAME = AccentColor;
				CODE_SIGN_STYLE = Automatic;
				CURRENT_PROJECT_VERSION = 1;
				DEVELOPMENT_ASSET_PATHS = "\"ios-test-app/Preview Content\"";
				DEVELOPMENT_TEAM = H6B87MM274;
				ENABLE_PREVIEWS = YES;
				GENERATE_INFOPLIST_FILE = YES;
				INFOPLIST_FILE = "ios-test-app/Info.plist";
				INFOPLIST_KEY_NSCameraUsageDescription = "Camera access is needed to scan QR codes";
				INFOPLIST_KEY_NSLocationAlwaysAndWhenInUseUsageDescription = "For other players to locate you";
				INFOPLIST_KEY_UIApplicationSceneManifest_Generation = YES;
				INFOPLIST_KEY_UIApplicationSupportsIndirectInputEvents = YES;
				INFOPLIST_KEY_UILaunchScreen_Generation = YES;
				INFOPLIST_KEY_UISupportedInterfaceOrientations_iPad = "UIInterfaceOrientationPortrait UIInterfaceOrientationPortraitUpsideDown UIInterfaceOrientationLandscapeLeft UIInterfaceOrientationLandscapeRight";
				INFOPLIST_KEY_UISupportedInterfaceOrientations_iPhone = "UIInterfaceOrientationPortrait UIInterfaceOrientationLandscapeLeft UIInterfaceOrientationLandscapeRight";
				LD_RUNPATH_SEARCH_PATHS = (
					"$(inherited)",
					"@executable_path/Frameworks",
				);
				MARKETING_VERSION = 1.0;
				PRODUCT_BUNDLE_IDENTIFIER = "com.n0thn.ios-test-app";
				PRODUCT_NAME = "$(TARGET_NAME)";
				SWIFT_EMIT_LOC_STRINGS = YES;
				SWIFT_VERSION = 5.0;
				TARGETED_DEVICE_FAMILY = "1,2";
			};
			name = Debug;
		};
		BBB796C62CD7F62100719780 /* Release */ = {
			isa = XCBuildConfiguration;
			buildSettings = {
				ASSETCATALOG_COMPILER_APPICON_NAME = AppIcon;
				ASSETCATALOG_COMPILER_GLOBAL_ACCENT_COLOR_NAME = AccentColor;
				CODE_SIGN_STYLE = Automatic;
				CURRENT_PROJECT_VERSION = 1;
				DEVELOPMENT_ASSET_PATHS = "\"ios-test-app/Preview Content\"";
				DEVELOPMENT_TEAM = H6B87MM274;
				ENABLE_PREVIEWS = YES;
				GENERATE_INFOPLIST_FILE = YES;
				INFOPLIST_FILE = "ios-test-app/Info.plist";
				INFOPLIST_KEY_NSCameraUsageDescription = "Camera access is needed to scan QR codes";
				INFOPLIST_KEY_NSLocationAlwaysAndWhenInUseUsageDescription = "For other players to locate you";
				INFOPLIST_KEY_UIApplicationSceneManifest_Generation = YES;
				INFOPLIST_KEY_UIApplicationSupportsIndirectInputEvents = YES;
				INFOPLIST_KEY_UILaunchScreen_Generation = YES;
				INFOPLIST_KEY_UISupportedInterfaceOrientations_iPad = "UIInterfaceOrientationPortrait UIInterfaceOrientationPortraitUpsideDown UIInterfaceOrientationLandscapeLeft UIInterfaceOrientationLandscapeRight";
				INFOPLIST_KEY_UISupportedInterfaceOrientations_iPhone = "UIInterfaceOrientationPortrait UIInterfaceOrientationLandscapeLeft UIInterfaceOrientationLandscapeRight";
				LD_RUNPATH_SEARCH_PATHS = (
					"$(inherited)",
					"@executable_path/Frameworks",
				);
				MARKETING_VERSION = 1.0;
				PRODUCT_BUNDLE_IDENTIFIER = "com.n0thn.ios-test-app";
				PRODUCT_NAME = "$(TARGET_NAME)";
				SWIFT_EMIT_LOC_STRINGS = YES;
				SWIFT_VERSION = 5.0;
				TARGETED_DEVICE_FAMILY = "1,2";
			};
			name = Release;
		};
		BBB796C82CD7F62100719780 /* Debug */ = {
			isa = XCBuildConfiguration;
			buildSettings = {
				BUNDLE_LOADER = "$(TEST_HOST)";
				CODE_SIGN_STYLE = Automatic;
				CURRENT_PROJECT_VERSION = 1;
				GENERATE_INFOPLIST_FILE = YES;
				IPHONEOS_DEPLOYMENT_TARGET = 18.1;
				MARKETING_VERSION = 1.0;
				PRODUCT_BUNDLE_IDENTIFIER = "com.n0thn.ios-test-appTests";
				PRODUCT_NAME = "$(TARGET_NAME)";
				SWIFT_EMIT_LOC_STRINGS = NO;
				SWIFT_VERSION = 5.0;
				TARGETED_DEVICE_FAMILY = "1,2";
				TEST_HOST = "$(BUILT_PRODUCTS_DIR)/ios-test-app.app/$(BUNDLE_EXECUTABLE_FOLDER_PATH)/ios-test-app";
			};
			name = Debug;
		};
		BBB796C92CD7F62100719780 /* Release */ = {
			isa = XCBuildConfiguration;
			buildSettings = {
				BUNDLE_LOADER = "$(TEST_HOST)";
				CODE_SIGN_STYLE = Automatic;
				CURRENT_PROJECT_VERSION = 1;
				GENERATE_INFOPLIST_FILE = YES;
				IPHONEOS_DEPLOYMENT_TARGET = 18.1;
				MARKETING_VERSION = 1.0;
				PRODUCT_BUNDLE_IDENTIFIER = "com.n0thn.ios-test-appTests";
				PRODUCT_NAME = "$(TARGET_NAME)";
				SWIFT_EMIT_LOC_STRINGS = NO;
				SWIFT_VERSION = 5.0;
				TARGETED_DEVICE_FAMILY = "1,2";
				TEST_HOST = "$(BUILT_PRODUCTS_DIR)/ios-test-app.app/$(BUNDLE_EXECUTABLE_FOLDER_PATH)/ios-test-app";
			};
			name = Release;
		};
		BBB796CB2CD7F62100719780 /* Debug */ = {
			isa = XCBuildConfiguration;
			buildSettings = {
				CODE_SIGN_STYLE = Automatic;
				CURRENT_PROJECT_VERSION = 1;
				GENERATE_INFOPLIST_FILE = YES;
				MARKETING_VERSION = 1.0;
				PRODUCT_BUNDLE_IDENTIFIER = "com.n0thn.ios-test-appUITests";
				PRODUCT_NAME = "$(TARGET_NAME)";
				SWIFT_EMIT_LOC_STRINGS = NO;
				SWIFT_VERSION = 5.0;
				TARGETED_DEVICE_FAMILY = "1,2";
				TEST_TARGET_NAME = "ios-test-app";
			};
			name = Debug;
		};
		BBB796CC2CD7F62100719780 /* Release */ = {
			isa = XCBuildConfiguration;
			buildSettings = {
				CODE_SIGN_STYLE = Automatic;
				CURRENT_PROJECT_VERSION = 1;
				GENERATE_INFOPLIST_FILE = YES;
				MARKETING_VERSION = 1.0;
				PRODUCT_BUNDLE_IDENTIFIER = "com.n0thn.ios-test-appUITests";
				PRODUCT_NAME = "$(TARGET_NAME)";
				SWIFT_EMIT_LOC_STRINGS = NO;
				SWIFT_VERSION = 5.0;
				TARGETED_DEVICE_FAMILY = "1,2";
				TEST_TARGET_NAME = "ios-test-app";
			};
			name = Release;
		};
/* End XCBuildConfiguration section */

/* Begin XCConfigurationList section */
		BBB7969B2CD7F61F00719780 /* Build configuration list for PBXProject "ios-test-app" */ = {
			isa = XCConfigurationList;
			buildConfigurations = (
				BBB796C22CD7F62100719780 /* Debug */,
				BBB796C32CD7F62100719780 /* Release */,
			);
			defaultConfigurationIsVisible = 0;
			defaultConfigurationName = Release;
		};
		BBB796C42CD7F62100719780 /* Build configuration list for PBXNativeTarget "ios-test-app" */ = {
			isa = XCConfigurationList;
			buildConfigurations = (
				BBB796C52CD7F62100719780 /* Debug */,
				BBB796C62CD7F62100719780 /* Release */,
			);
			defaultConfigurationIsVisible = 0;
			defaultConfigurationName = Release;
		};
		BBB796C72CD7F62100719780 /* Build configuration list for PBXNativeTarget "ios-test-appTests" */ = {
			isa = XCConfigurationList;
			buildConfigurations = (
				BBB796C82CD7F62100719780 /* Debug */,
				BBB796C92CD7F62100719780 /* Release */,
			);
			defaultConfigurationIsVisible = 0;
			defaultConfigurationName = Release;
		};
		BBB796CA2CD7F62100719780 /* Build configuration list for PBXNativeTarget "ios-test-appUITests" */ = {
			isa = XCConfigurationList;
			buildConfigurations = (
				BBB796CB2CD7F62100719780 /* Debug */,
				BBB796CC2CD7F62100719780 /* Release */,
			);
			defaultConfigurationIsVisible = 0;
			defaultConfigurationName = Release;
		};
/* End XCConfigurationList section */

/* Begin XCRemoteSwiftPackageReference section */
		BBB796CF2CD80FD200719780 /* XCRemoteSwiftPackageReference "firebase-ios-sdk" */ = {
			isa = XCRemoteSwiftPackageReference;
			repositoryURL = "https://github.com/firebase/firebase-ios-sdk";
			requirement = {
				kind = upToNextMajorVersion;
				minimumVersion = 11.4.0;
			};
		};
/* End XCRemoteSwiftPackageReference section */

/* Begin XCSwiftPackageProductDependency section */
		BBB796D02CD8100C00719780 /* FirebaseAuth */ = {
			isa = XCSwiftPackageProductDependency;
			package = BBB796CF2CD80FD200719780 /* XCRemoteSwiftPackageReference "firebase-ios-sdk" */;
			productName = FirebaseAuth;
		};
		BBB796D22CD8100C00719780 /* FirebaseStorage */ = {
			isa = XCSwiftPackageProductDependency;
			package = BBB796CF2CD80FD200719780 /* XCRemoteSwiftPackageReference "firebase-ios-sdk" */;
			productName = FirebaseStorage;
		};
		BBB796D82CD8133000719780 /* FirebaseFirestore */ = {
			isa = XCSwiftPackageProductDependency;
			package = BBB796CF2CD80FD200719780 /* XCRemoteSwiftPackageReference "firebase-ios-sdk" */;
			productName = FirebaseFirestore;
		};
/* End XCSwiftPackageProductDependency section */
	};
	rootObject = BBB796982CD7F61F00719780 /* Project object */;
}
